
Microsoft Visual Studio Solution File, Format Version 12.00
# Visual Studio Version 17
VisualStudioVersion = 17.8.34330.188
MinimumVisualStudioVersion = 10.0.40219.1
Project("{FAE04EC0-301F-11D3-BF4B-00C04F79EFBC}") = "APITemplate", "APITemplate.csproj", "{DDB40DFD-01B8-4B55-8B0F-CD996FCA56B4}"
EndProject
Global
	GlobalSection(SolutionConfigurationPlatforms) = preSolution
		Debug|Any CPU = Debug|Any CPU
		Release|Any CPU = Release|Any CPU
	EndGlobalSection
	GlobalSection(ProjectConfigurationPlatforms) = postSolution
		{DDB40DFD-01B8-4B55-8B0F-CD996FCA56B4}.Debug|Any CPU.ActiveCfg = Debug|Any CPU
		{DDB40DFD-01B8-4B55-8B0F-CD996FCA56B4}.Debug|Any CPU.Build.0 = Debug|Any CPU
		{DDB40DFD-01B8-4B55-8B0F-CD996FCA56B4}.Release|Any CPU.ActiveCfg = Release|Any CPU
		{DDB40DFD-01B8-4B55-8B0F-CD996FCA56B4}.Release|Any CPU.Build.0 = Release|Any CPU
	EndGlobalSection
	GlobalSection(SolutionProperties) = preSolution
		HideSolutionNode = FALSE
	EndGlobalSection
	GlobalSection(ExtensibilityGlobals) = postSolution
		SolutionGuid = {ABBA3D5F-3280-476C-847E-A43545273251}
	EndGlobalSection
EndGlobal
